
Microsoft Visual Studio Solution File, Format Version 12.00
# Visual Studio Version 16
VisualStudioVersion = 16.0.31829.152
MinimumVisualStudioVersion = 10.0.40219.1
Project("{9A19103F-16F7-4668-BE54-9A1E7A4F7556}") = "CronParser.App", "CronParser.App\CronParser.App.csproj", "{E21890CF-7AE1-4CEE-872C-EBD7BE0C8766}"
EndProject
Project("{9A19103F-16F7-4668-BE54-9A1E7A4F7556}") = "CronParser.Lib", "CronParser.Lib\CronParser.Lib.csproj", "{E2F3A300-F8DB-47BC-B915-24F58BB77222}"
EndProject
Project("{FAE04EC0-301F-11D3-BF4B-00C04F79EFBC}") = "CronParser.Tests", "CronParser.Tests\CronParser.Tests.csproj", "{DEBCDFEE-2B3A-4323-A103-3F79051E06D7}"
EndProject
Global
	GlobalSection(SolutionConfigurationPlatforms) = preSolution
		Debug|Any CPU = Debug|Any CPU
		Release|Any CPU = Release|Any CPU
	EndGlobalSection
	GlobalSection(ProjectConfigurationPlatforms) = postSolution
		{E21890CF-7AE1-4CEE-872C-EBD7BE0C8766}.Debug|Any CPU.ActiveCfg = Debug|Any CPU
		{E21890CF-7AE1-4CEE-872C-EBD7BE0C8766}.Debug|Any CPU.Build.0 = Debug|Any CPU
		{E21890CF-7AE1-4CEE-872C-EBD7BE0C8766}.Release|Any CPU.ActiveCfg = Release|Any CPU
		{E21890CF-7AE1-4CEE-872C-EBD7BE0C8766}.Release|Any CPU.Build.0 = Release|Any CPU
		{E2F3A300-F8DB-47BC-B915-24F58BB77222}.Debug|Any CPU.ActiveCfg = Debug|Any CPU
		{E2F3A300-F8DB-47BC-B915-24F58BB77222}.Debug|Any CPU.Build.0 = Debug|Any CPU
		{E2F3A300-F8DB-47BC-B915-24F58BB77222}.Release|Any CPU.ActiveCfg = Release|Any CPU
		{E2F3A300-F8DB-47BC-B915-24F58BB77222}.Release|Any CPU.Build.0 = Release|Any CPU
		{DEBCDFEE-2B3A-4323-A103-3F79051E06D7}.Debug|Any CPU.ActiveCfg = Debug|Any CPU
		{DEBCDFEE-2B3A-4323-A103-3F79051E06D7}.Debug|Any CPU.Build.0 = Debug|Any CPU
		{DEBCDFEE-2B3A-4323-A103-3F79051E06D7}.Release|Any CPU.ActiveCfg = Release|Any CPU
		{DEBCDFEE-2B3A-4323-A103-3F79051E06D7}.Release|Any CPU.Build.0 = Release|Any CPU
	EndGlobalSection
	GlobalSection(SolutionProperties) = preSolution
		HideSolutionNode = FALSE
	EndGlobalSection
	GlobalSection(ExtensibilityGlobals) = postSolution
		SolutionGuid = {3729715D-8D51-498D-9406-170D2F8A83FF}
	EndGlobalSection
EndGlobal
